// !$*UTF8*$!
{
	archiveVersion = 1;
	classes = {
	};
	objectVersion = 56;
	objects = {

/* Begin PBXBuildFile section */
		0C3477102C0B1EF700EB7F83 /* AppDelegate.swift in Sources */ = {isa = PBXBuildFile; fileRef = 0C34770F2C0B1EF700EB7F83 /* AppDelegate.swift */; };
		0C3477142C0B1EF700EB7F83 /* LoginViewController.swift in Sources */ = {isa = PBXBuildFile; fileRef = 0C3477132C0B1EF700EB7F83 /* LoginViewController.swift */; };
		0C3477192C0B1EF800EB7F83 /* Assets.xcassets in Resources */ = {isa = PBXBuildFile; fileRef = 0C3477182C0B1EF800EB7F83 /* Assets.xcassets */; };
		0C34771C2C0B1EF800EB7F83 /* Base in Resources */ = {isa = PBXBuildFile; fileRef = 0C34771B2C0B1EF800EB7F83 /* Base */; };
		0C3477272C0B1EF800EB7F83 /* MiniBankTests.swift in Sources */ = {isa = PBXBuildFile; fileRef = 0C3477262C0B1EF800EB7F83 /* MiniBankTests.swift */; };
		0C3477312C0B1EF800EB7F83 /* MiniBankUITests.swift in Sources */ = {isa = PBXBuildFile; fileRef = 0C3477302C0B1EF800EB7F83 /* MiniBankUITests.swift */; };
		0C3477332C0B1EF800EB7F83 /* MiniBankUITestsLaunchTests.swift in Sources */ = {isa = PBXBuildFile; fileRef = 0C3477322C0B1EF800EB7F83 /* MiniBankUITestsLaunchTests.swift */; };
		0C3477422C0B43B400EB7F83 /* LoginView.swift in Sources */ = {isa = PBXBuildFile; fileRef = 0C3477412C0B43B400EB7F83 /* LoginView.swift */; };
/* End PBXBuildFile section */

/* Begin PBXContainerItemProxy section */
		0C3477232C0B1EF800EB7F83 /* PBXContainerItemProxy */ = {
			isa = PBXContainerItemProxy;
			containerPortal = 0C3477042C0B1EF700EB7F83 /* Project object */;
			proxyType = 1;
			remoteGlobalIDString = 0C34770B2C0B1EF700EB7F83;
			remoteInfo = MiniBank;
		};
		0C34772D2C0B1EF800EB7F83 /* PBXContainerItemProxy */ = {
			isa = PBXContainerItemProxy;
			containerPortal = 0C3477042C0B1EF700EB7F83 /* Project object */;
			proxyType = 1;
			remoteGlobalIDString = 0C34770B2C0B1EF700EB7F83;
			remoteInfo = MiniBank;
		};
/* End PBXContainerItemProxy section */

/* Begin PBXFileReference section */
		0C34770C2C0B1EF700EB7F83 /* MiniBank.app */ = {isa = PBXFileReference; explicitFileType = wrapper.application; includeInIndex = 0; path = MiniBank.app; sourceTree = BUILT_PRODUCTS_DIR; };
		0C34770F2C0B1EF700EB7F83 /* AppDelegate.swift */ = {isa = PBXFileReference; lastKnownFileType = sourcecode.swift; path = AppDelegate.swift; sourceTree = "<group>"; };
		0C3477132C0B1EF700EB7F83 /* LoginViewController.swift */ = {isa = PBXFileReference; lastKnownFileType = sourcecode.swift; path = LoginViewController.swift; sourceTree = "<group>"; };
		0C3477182C0B1EF800EB7F83 /* Assets.xcassets */ = {isa = PBXFileReference; lastKnownFileType = folder.assetcatalog; path = Assets.xcassets; sourceTree = "<group>"; };
		0C34771B2C0B1EF800EB7F83 /* Base */ = {isa = PBXFileReference; lastKnownFileType = file.storyboard; name = Base; path = Base.lproj/LaunchScreen.storyboard; sourceTree = "<group>"; };
		0C34771D2C0B1EF800EB7F83 /* Info.plist */ = {isa = PBXFileReference; lastKnownFileType = text.plist.xml; path = Info.plist; sourceTree = "<group>"; };
		0C3477222C0B1EF800EB7F83 /* MiniBankTests.xctest */ = {isa = PBXFileReference; explicitFileType = wrapper.cfbundle; includeInIndex = 0; path = MiniBankTests.xctest; sourceTree = BUILT_PRODUCTS_DIR; };
		0C3477262C0B1EF800EB7F83 /* MiniBankTests.swift */ = {isa = PBXFileReference; lastKnownFileType = sourcecode.swift; path = MiniBankTests.swift; sourceTree = "<group>"; };
		0C34772C2C0B1EF800EB7F83 /* MiniBankUITests.xctest */ = {isa = PBXFileReference; explicitFileType = wrapper.cfbundle; includeInIndex = 0; path = MiniBankUITests.xctest; sourceTree = BUILT_PRODUCTS_DIR; };
		0C3477302C0B1EF800EB7F83 /* MiniBankUITests.swift */ = {isa = PBXFileReference; lastKnownFileType = sourcecode.swift; path = MiniBankUITests.swift; sourceTree = "<group>"; };
		0C3477322C0B1EF800EB7F83 /* MiniBankUITestsLaunchTests.swift */ = {isa = PBXFileReference; lastKnownFileType = sourcecode.swift; path = MiniBankUITestsLaunchTests.swift; sourceTree = "<group>"; };
		0C3477412C0B43B400EB7F83 /* LoginView.swift */ = {isa = PBXFileReference; lastKnownFileType = sourcecode.swift; path = LoginView.swift; sourceTree = "<group>"; };
/* End PBXFileReference section */

/* Begin PBXFrameworksBuildPhase section */
		0C3477092C0B1EF700EB7F83 /* Frameworks */ = {
			isa = PBXFrameworksBuildPhase;
			buildActionMask = 2147483647;
			files = (
			);
			runOnlyForDeploymentPostprocessing = 0;
		};
		0C34771F2C0B1EF800EB7F83 /* Frameworks */ = {
			isa = PBXFrameworksBuildPhase;
			buildActionMask = 2147483647;
			files = (
			);
			runOnlyForDeploymentPostprocessing = 0;
		};
		0C3477292C0B1EF800EB7F83 /* Frameworks */ = {
			isa = PBXFrameworksBuildPhase;
			buildActionMask = 2147483647;
			files = (
			);
			runOnlyForDeploymentPostprocessing = 0;
		};
/* End PBXFrameworksBuildPhase section */

/* Begin PBXGroup section */
		0C3477032C0B1EF700EB7F83 = {
			isa = PBXGroup;
			children = (
				0C34770E2C0B1EF700EB7F83 /* MiniBank */,
				0C34770F2C0B1EF700EB7F83 /* AppDelegate.swift */,
				0C3477252C0B1EF800EB7F83 /* MiniBankTests */,
				0C34772F2C0B1EF800EB7F83 /* MiniBankUITests */,
				0C34770D2C0B1EF700EB7F83 /* Products */,
			);
			sourceTree = "<group>";
		};
		0C34770D2C0B1EF700EB7F83 /* Products */ = {
			isa = PBXGroup;
			children = (
				0C34770C2C0B1EF700EB7F83 /* MiniBank.app */,
				0C3477222C0B1EF800EB7F83 /* MiniBankTests.xctest */,
				0C34772C2C0B1EF800EB7F83 /* MiniBankUITests.xctest */,
			);
			name = Products;
			sourceTree = "<group>";
		};
		0C34770E2C0B1EF700EB7F83 /* MiniBank */ = {
			isa = PBXGroup;
			children = (
				0C34773F2C0B431100EB7F83 /* Files */,
				0C3477402C0B436800EB7F83 /* Login */,
			);
			path = MiniBank;
			sourceTree = "<group>";
		};
		0C3477252C0B1EF800EB7F83 /* MiniBankTests */ = {
			isa = PBXGroup;
			children = (
				0C3477262C0B1EF800EB7F83 /* MiniBankTests.swift */,
			);
			path = MiniBankTests;
			sourceTree = "<group>";
		};
		0C34772F2C0B1EF800EB7F83 /* MiniBankUITests */ = {
			isa = PBXGroup;
			children = (
				0C3477302C0B1EF800EB7F83 /* MiniBankUITests.swift */,
				0C3477322C0B1EF800EB7F83 /* MiniBankUITestsLaunchTests.swift */,
			);
			path = MiniBankUITests;
			sourceTree = "<group>";
		};
		0C34773F2C0B431100EB7F83 /* Files */ = {
			isa = PBXGroup;
			children = (
				0C3477182C0B1EF800EB7F83 /* Assets.xcassets */,
				0C34771A2C0B1EF800EB7F83 /* LaunchScreen.storyboard */,
				0C34771D2C0B1EF800EB7F83 /* Info.plist */,
			);
			name = Files;
			sourceTree = "<group>";
		};
		0C3477402C0B436800EB7F83 /* Login */ = {
			isa = PBXGroup;
			children = (
				0C3477132C0B1EF700EB7F83 /* LoginViewController.swift */,
				0C3477412C0B43B400EB7F83 /* LoginView.swift */,
			);
			path = Login;
			sourceTree = "<group>";
		};
/* End PBXGroup section */

/* Begin PBXNativeTarget section */
		0C34770B2C0B1EF700EB7F83 /* MiniBank */ = {
			isa = PBXNativeTarget;
			buildConfigurationList = 0C3477362C0B1EF800EB7F83 /* Build configuration list for PBXNativeTarget "MiniBank" */;
			buildPhases = (
				0C3477082C0B1EF700EB7F83 /* Sources */,
				0C3477092C0B1EF700EB7F83 /* Frameworks */,
				0C34770A2C0B1EF700EB7F83 /* Resources */,
			);
			buildRules = (
			);
			dependencies = (
			);
			name = MiniBank;
			productName = MiniBank;
			productReference = 0C34770C2C0B1EF700EB7F83 /* MiniBank.app */;
			productType = "com.apple.product-type.application";
		};
		0C3477212C0B1EF800EB7F83 /* MiniBankTests */ = {
			isa = PBXNativeTarget;
			buildConfigurationList = 0C3477392C0B1EF800EB7F83 /* Build configuration list for PBXNativeTarget "MiniBankTests" */;
			buildPhases = (
				0C34771E2C0B1EF800EB7F83 /* Sources */,
				0C34771F2C0B1EF800EB7F83 /* Frameworks */,
				0C3477202C0B1EF800EB7F83 /* Resources */,
			);
			buildRules = (
			);
			dependencies = (
				0C3477242C0B1EF800EB7F83 /* PBXTargetDependency */,
			);
			name = MiniBankTests;
			productName = MiniBankTests;
			productReference = 0C3477222C0B1EF800EB7F83 /* MiniBankTests.xctest */;
			productType = "com.apple.product-type.bundle.unit-test";
		};
		0C34772B2C0B1EF800EB7F83 /* MiniBankUITests */ = {
			isa = PBXNativeTarget;
			buildConfigurationList = 0C34773C2C0B1EF800EB7F83 /* Build configuration list for PBXNativeTarget "MiniBankUITests" */;
			buildPhases = (
				0C3477282C0B1EF800EB7F83 /* Sources */,
				0C3477292C0B1EF800EB7F83 /* Frameworks */,
				0C34772A2C0B1EF800EB7F83 /* Resources */,
			);
			buildRules = (
			);
			dependencies = (
				0C34772E2C0B1EF800EB7F83 /* PBXTargetDependency */,
			);
			name = MiniBankUITests;
			productName = MiniBankUITests;
			productReference = 0C34772C2C0B1EF800EB7F83 /* MiniBankUITests.xctest */;
			productType = "com.apple.product-type.bundle.ui-testing";
		};
/* End PBXNativeTarget section */

/* Begin PBXProject section */
		0C3477042C0B1EF700EB7F83 /* Project object */ = {
			isa = PBXProject;
			attributes = {
				BuildIndependentTargetsInParallel = 1;
				LastSwiftUpdateCheck = 1540;
				LastUpgradeCheck = 1540;
				TargetAttributes = {
					0C34770B2C0B1EF700EB7F83 = {
						CreatedOnToolsVersion = 15.4;
					};
					0C3477212C0B1EF800EB7F83 = {
						CreatedOnToolsVersion = 15.4;
						TestTargetID = 0C34770B2C0B1EF700EB7F83;
					};
					0C34772B2C0B1EF800EB7F83 = {
						CreatedOnToolsVersion = 15.4;
						TestTargetID = 0C34770B2C0B1EF700EB7F83;
					};
				};
			};
			buildConfigurationList = 0C3477072C0B1EF700EB7F83 /* Build configuration list for PBXProject "MiniBank" */;
			compatibilityVersion = "Xcode 14.0";
			developmentRegion = en;
			hasScannedForEncodings = 0;
			knownRegions = (
				en,
				Base,
			);
			mainGroup = 0C3477032C0B1EF700EB7F83;
			productRefGroup = 0C34770D2C0B1EF700EB7F83 /* Products */;
			projectDirPath = "";
			projectRoot = "";
			targets = (
				0C34770B2C0B1EF700EB7F83 /* MiniBank */,
				0C3477212C0B1EF800EB7F83 /* MiniBankTests */,
				0C34772B2C0B1EF800EB7F83 /* MiniBankUITests */,
			);
		};
/* End PBXProject section */

/* Begin PBXResourcesBuildPhase section */
		0C34770A2C0B1EF700EB7F83 /* Resources */ = {
			isa = PBXResourcesBuildPhase;
			buildActionMask = 2147483647;
			files = (
				0C3477192C0B1EF800EB7F83 /* Assets.xcassets in Resources */,
				0C34771C2C0B1EF800EB7F83 /* Base in Resources */,
			);
			runOnlyForDeploymentPostprocessing = 0;
		};
		0C3477202C0B1EF800EB7F83 /* Resources */ = {
			isa = PBXResourcesBuildPhase;
			buildActionMask = 2147483647;
			files = (
			);
			runOnlyForDeploymentPostprocessing = 0;
		};
		0C34772A2C0B1EF800EB7F83 /* Resources */ = {
			isa = PBXResourcesBuildPhase;
			buildActionMask = 2147483647;
			files = (
			);
			runOnlyForDeploymentPostprocessing = 0;
		};
/* End PBXResourcesBuildPhase section */

/* Begin PBXSourcesBuildPhase section */
		0C3477082C0B1EF700EB7F83 /* Sources */ = {
			isa = PBXSourcesBuildPhase;
			buildActionMask = 2147483647;
			files = (
				0C3477422C0B43B400EB7F83 /* LoginView.swift in Sources */,
				0C3477142C0B1EF700EB7F83 /* LoginViewController.swift in Sources */,
				0C3477102C0B1EF700EB7F83 /* AppDelegate.swift in Sources */,
			);
			runOnlyForDeploymentPostprocessing = 0;
		};
		0C34771E2C0B1EF800EB7F83 /* Sources */ = {
			isa = PBXSourcesBuildPhase;
			buildActionMask = 2147483647;
			files = (
				0C3477272C0B1EF800EB7F83 /* MiniBankTests.swift in Sources */,
			);
			runOnlyForDeploymentPostprocessing = 0;
		};
		0C3477282C0B1EF800EB7F83 /* Sources */ = {
			isa = PBXSourcesBuildPhase;
			buildActionMask = 2147483647;
			files = (
				0C3477332C0B1EF800EB7F83 /* MiniBankUITestsLaunchTests.swift in Sources */,
				0C3477312C0B1EF800EB7F83 /* MiniBankUITests.swift in Sources */,
			);
			runOnlyForDeploymentPostprocessing = 0;
		};
/* End PBXSourcesBuildPhase section */

/* Begin PBXTargetDependency section */
		0C3477242C0B1EF800EB7F83 /* PBXTargetDependency */ = {
			isa = PBXTargetDependency;
			target = 0C34770B2C0B1EF700EB7F83 /* MiniBank */;
			targetProxy = 0C3477232C0B1EF800EB7F83 /* PBXContainerItemProxy */;
		};
		0C34772E2C0B1EF800EB7F83 /* PBXTargetDependency */ = {
			isa = PBXTargetDependency;
			target = 0C34770B2C0B1EF700EB7F83 /* MiniBank */;
			targetProxy = 0C34772D2C0B1EF800EB7F83 /* PBXContainerItemProxy */;
		};
/* End PBXTargetDependency section */

/* Begin PBXVariantGroup section */
		0C34771A2C0B1EF800EB7F83 /* LaunchScreen.storyboard */ = {
			isa = PBXVariantGroup;
			children = (
				0C34771B2C0B1EF800EB7F83 /* Base */,
			);
			name = LaunchScreen.storyboard;
			sourceTree = "<group>";
		};
/* End PBXVariantGroup section */

/* Begin XCBuildConfiguration section */
		0C3477342C0B1EF800EB7F83 /* Debug */ = {
			isa = XCBuildConfiguration;
			buildSettings = {
				ALWAYS_SEARCH_USER_PATHS = NO;
				ASSETCATALOG_COMPILER_GENERATE_SWIFT_ASSET_SYMBOL_EXTENSIONS = YES;
				CLANG_ANALYZER_NONNULL = YES;
				CLANG_ANALYZER_NUMBER_OBJECT_CONVERSION = YES_AGGRESSIVE;
				CLANG_CXX_LANGUAGE_STANDARD = "gnu++20";
				CLANG_ENABLE_MODULES = YES;
				CLANG_ENABLE_OBJC_ARC = YES;
				CLANG_ENABLE_OBJC_WEAK = YES;
				CLANG_WARN_BLOCK_CAPTURE_AUTORELEASING = YES;
				CLANG_WARN_BOOL_CONVERSION = YES;
				CLANG_WARN_COMMA = YES;
				CLANG_WARN_CONSTANT_CONVERSION = YES;
				CLANG_WARN_DEPRECATED_OBJC_IMPLEMENTATIONS = YES;
				CLANG_WARN_DIRECT_OBJC_ISA_USAGE = YES_ERROR;
				CLANG_WARN_DOCUMENTATION_COMMENTS = YES;
				CLANG_WARN_EMPTY_BODY = YES;
				CLANG_WARN_ENUM_CONVERSION = YES;
				CLANG_WARN_INFINITE_RECURSION = YES;
				CLANG_WARN_INT_CONVERSION = YES;
				CLANG_WARN_NON_LITERAL_NULL_CONVERSION = YES;
				CLANG_WARN_OBJC_IMPLICIT_RETAIN_SELF = YES;
				CLANG_WARN_OBJC_LITERAL_CONVERSION = YES;
				CLANG_WARN_OBJC_ROOT_CLASS = YES_ERROR;
				CLANG_WARN_QUOTED_INCLUDE_IN_FRAMEWORK_HEADER = YES;
				CLANG_WARN_RANGE_LOOP_ANALYSIS = YES;
				CLANG_WARN_STRICT_PROTOTYPES = YES;
				CLANG_WARN_SUSPICIOUS_MOVE = YES;
				CLANG_WARN_UNGUARDED_AVAILABILITY = YES_AGGRESSIVE;
				CLANG_WARN_UNREACHABLE_CODE = YES;
				CLANG_WARN__DUPLICATE_METHOD_MATCH = YES;
				COPY_PHASE_STRIP = NO;
				DEBUG_INFORMATION_FORMAT = dwarf;
				ENABLE_STRICT_OBJC_MSGSEND = YES;
				ENABLE_TESTABILITY = YES;
				ENABLE_USER_SCRIPT_SANDBOXING = YES;
				GCC_C_LANGUAGE_STANDARD = gnu17;
				GCC_DYNAMIC_NO_PIC = NO;
				GCC_NO_COMMON_BLOCKS = YES;
				GCC_OPTIMIZATION_LEVEL = 0;
				GCC_PREPROCESSOR_DEFINITIONS = (
					"DEBUG=1",
					"$(inherited)",
				);
				GCC_WARN_64_TO_32_BIT_CONVERSION = YES;
				GCC_WARN_ABOUT_RETURN_TYPE = YES_ERROR;
				GCC_WARN_UNDECLARED_SELECTOR = YES;
				GCC_WARN_UNINITIALIZED_AUTOS = YES_AGGRESSIVE;
				GCC_WARN_UNUSED_FUNCTION = YES;
				GCC_WARN_UNUSED_VARIABLE = YES;
				IPHONEOS_DEPLOYMENT_TARGET = 17.5;
				LOCALIZATION_PREFERS_STRING_CATALOGS = YES;
				MTL_ENABLE_DEBUG_INFO = INCLUDE_SOURCE;
				MTL_FAST_MATH = YES;
				ONLY_ACTIVE_ARCH = YES;
				SDKROOT = iphoneos;
				SWIFT_ACTIVE_COMPILATION_CONDITIONS = "DEBUG $(inherited)";
				SWIFT_OPTIMIZATION_LEVEL = "-Onone";
			};
			name = Debug;
		};
		0C3477352C0B1EF800EB7F83 /* Release */ = {
			isa = XCBuildConfiguration;
			buildSettings = {
				ALWAYS_SEARCH_USER_PATHS = NO;
				ASSETCATALOG_COMPILER_GENERATE_SWIFT_ASSET_SYMBOL_EXTENSIONS = YES;
				CLANG_ANALYZER_NONNULL = YES;
				CLANG_ANALYZER_NUMBER_OBJECT_CONVERSION = YES_AGGRESSIVE;
				CLANG_CXX_LANGUAGE_STANDARD = "gnu++20";
				CLANG_ENABLE_MODULES = YES;
				CLANG_ENABLE_OBJC_ARC = YES;
				CLANG_ENABLE_OBJC_WEAK = YES;
				CLANG_WARN_BLOCK_CAPTURE_AUTORELEASING = YES;
				CLANG_WARN_BOOL_CONVERSION = YES;
				CLANG_WARN_COMMA = YES;
				CLANG_WARN_CONSTANT_CONVERSION = YES;
				CLANG_WARN_DEPRECATED_OBJC_IMPLEMENTATIONS = YES;
				CLANG_WARN_DIRECT_OBJC_ISA_USAGE = YES_ERROR;
				CLANG_WARN_DOCUMENTATION_COMMENTS = YES;
				CLANG_WARN_EMPTY_BODY = YES;
				CLANG_WARN_ENUM_CONVERSION = YES;
				CLANG_WARN_INFINITE_RECURSION = YES;
				CLANG_WARN_INT_CONVERSION = YES;
				CLANG_WARN_NON_LITERAL_NULL_CONVERSION = YES;
				CLANG_WARN_OBJC_IMPLICIT_RETAIN_SELF = YES;
				CLANG_WARN_OBJC_LITERAL_CONVERSION = YES;
				CLANG_WARN_OBJC_ROOT_CLASS = YES_ERROR;
				CLANG_WARN_QUOTED_INCLUDE_IN_FRAMEWORK_HEADER = YES;
				CLANG_WARN_RANGE_LOOP_ANALYSIS = YES;
				CLANG_WARN_STRICT_PROTOTYPES = YES;
				CLANG_WARN_SUSPICIOUS_MOVE = YES;
				CLANG_WARN_UNGUARDED_AVAILABILITY = YES_AGGRESSIVE;
				CLANG_WARN_UNREACHABLE_CODE = YES;
				CLANG_WARN__DUPLICATE_METHOD_MATCH = YES;
				COPY_PHASE_STRIP = NO;
				DEBUG_INFORMATION_FORMAT = "dwarf-with-dsym";
				ENABLE_NS_ASSERTIONS = NO;
				ENABLE_STRICT_OBJC_MSGSEND = YES;
				ENABLE_USER_SCRIPT_SANDBOXING = YES;
				GCC_C_LANGUAGE_STANDARD = gnu17;
				GCC_NO_COMMON_BLOCKS = YES;
				GCC_WARN_64_TO_32_BIT_CONVERSION = YES;
				GCC_WARN_ABOUT_RETURN_TYPE = YES_ERROR;
				GCC_WARN_UNDECLARED_SELECTOR = YES;
				GCC_WARN_UNINITIALIZED_AUTOS = YES_AGGRESSIVE;
				GCC_WARN_UNUSED_FUNCTION = YES;
				GCC_WARN_UNUSED_VARIABLE = YES;
				IPHONEOS_DEPLOYMENT_TARGET = 17.5;
				LOCALIZATION_PREFERS_STRING_CATALOGS = YES;
				MTL_ENABLE_DEBUG_INFO = NO;
				MTL_FAST_MATH = YES;
				SDKROOT = iphoneos;
				SWIFT_COMPILATION_MODE = wholemodule;
				VALIDATE_PRODUCT = YES;
			};
			name = Release;
		};
		0C3477372C0B1EF800EB7F83 /* Debug */ = {
			isa = XCBuildConfiguration;
			buildSettings = {
				ASSETCATALOG_COMPILER_APPICON_NAME = AppIcon;
				ASSETCATALOG_COMPILER_GLOBAL_ACCENT_COLOR_NAME = AccentColor;
				CODE_SIGN_STYLE = Automatic;
				CURRENT_PROJECT_VERSION = 1;
				DEVELOPMENT_TEAM = F7WG9Y2B4K;
				GENERATE_INFOPLIST_FILE = YES;
				INFOPLIST_FILE = MiniBank/Info.plist;
				INFOPLIST_KEY_UIApplicationSupportsIndirectInputEvents = YES;
				INFOPLIST_KEY_UILaunchStoryboardName = LaunchScreen;
				INFOPLIST_KEY_UISupportedInterfaceOrientations_iPad = "UIInterfaceOrientationPortrait UIInterfaceOrientationPortraitUpsideDown UIInterfaceOrientationLandscapeLeft UIInterfaceOrientationLandscapeRight";
				INFOPLIST_KEY_UISupportedInterfaceOrientations_iPhone = "UIInterfaceOrientationPortrait UIInterfaceOrientationLandscapeLeft UIInterfaceOrientationLandscapeRight";
				LD_RUNPATH_SEARCH_PATHS = (
					"$(inherited)",
					"@executable_path/Frameworks",
				);
				MARKETING_VERSION = 1.0;
				PRODUCT_BUNDLE_IDENTIFIER = co.celestiarune.MiniBank;
				PRODUCT_NAME = "$(TARGET_NAME)";
				SWIFT_EMIT_LOC_STRINGS = YES;
				SWIFT_VERSION = 5.0;
				TARGETED_DEVICE_FAMILY = "1,2";
			};
			name = Debug;
		};
		0C3477382C0B1EF800EB7F83 /* Release */ = {
			isa = XCBuildConfiguration;
			buildSettings = {
				ASSETCATALOG_COMPILER_APPICON_NAME = AppIcon;
				ASSETCATALOG_COMPILER_GLOBAL_ACCENT_COLOR_NAME = AccentColor;
				CODE_SIGN_STYLE = Automatic;
				CURRENT_PROJECT_VERSION = 1;
				DEVELOPMENT_TEAM = F7WG9Y2B4K;
				GENERATE_INFOPLIST_FILE = YES;
				INFOPLIST_FILE = MiniBank/Info.plist;
				INFOPLIST_KEY_UIApplicationSupportsIndirectInputEvents = YES;
				INFOPLIST_KEY_UILaunchStoryboardName = LaunchScreen;
				INFOPLIST_KEY_UISupportedInterfaceOrientations_iPad = "UIInterfaceOrientationPortrait UIInterfaceOrientationPortraitUpsideDown UIInterfaceOrientationLandscapeLeft UIInterfaceOrientationLandscapeRight";
				INFOPLIST_KEY_UISupportedInterfaceOrientations_iPhone = "UIInterfaceOrientationPortrait UIInterfaceOrientationLandscapeLeft UIInterfaceOrientationLandscapeRight";
				LD_RUNPATH_SEARCH_PATHS = (
					"$(inherited)",
					"@executable_path/Frameworks",
				);
				MARKETING_VERSION = 1.0;
				PRODUCT_BUNDLE_IDENTIFIER = co.celestiarune.MiniBank;
				PRODUCT_NAME = "$(TARGET_NAME)";
				SWIFT_EMIT_LOC_STRINGS = YES;
				SWIFT_VERSION = 5.0;
				TARGETED_DEVICE_FAMILY = "1,2";
			};
			name = Release;
		};
		0C34773A2C0B1EF800EB7F83 /* Debug */ = {
			isa = XCBuildConfiguration;
			buildSettings = {
				ALWAYS_EMBED_SWIFT_STANDARD_LIBRARIES = YES;
				BUNDLE_LOADER = "$(TEST_HOST)";
				CODE_SIGN_STYLE = Automatic;
				CURRENT_PROJECT_VERSION = 1;
				DEVELOPMENT_TEAM = F7WG9Y2B4K;
				GENERATE_INFOPLIST_FILE = YES;
				IPHONEOS_DEPLOYMENT_TARGET = 17.5;
				MARKETING_VERSION = 1.0;
				PRODUCT_BUNDLE_IDENTIFIER = co.celestiarune.MiniBankTests;
				PRODUCT_NAME = "$(TARGET_NAME)";
				SWIFT_EMIT_LOC_STRINGS = NO;
				SWIFT_VERSION = 5.0;
				TARGETED_DEVICE_FAMILY = "1,2";
				TEST_HOST = "$(BUILT_PRODUCTS_DIR)/MiniBank.app/$(BUNDLE_EXECUTABLE_FOLDER_PATH)/MiniBank";
			};
			name = Debug;
		};
		0C34773B2C0B1EF800EB7F83 /* Release */ = {
			isa = XCBuildConfiguration;
			buildSettings = {
				ALWAYS_EMBED_SWIFT_STANDARD_LIBRARIES = YES;
				BUNDLE_LOADER = "$(TEST_HOST)";
				CODE_SIGN_STYLE = Automatic;
				CURRENT_PROJECT_VERSION = 1;
				DEVELOPMENT_TEAM = F7WG9Y2B4K;
				GENERATE_INFOPLIST_FILE = YES;
				IPHONEOS_DEPLOYMENT_TARGET = 17.5;
				MARKETING_VERSION = 1.0;
				PRODUCT_BUNDLE_IDENTIFIER = co.celestiarune.MiniBankTests;
				PRODUCT_NAME = "$(TARGET_NAME)";
				SWIFT_EMIT_LOC_STRINGS = NO;
				SWIFT_VERSION = 5.0;
				TARGETED_DEVICE_FAMILY = "1,2";
				TEST_HOST = "$(BUILT_PRODUCTS_DIR)/MiniBank.app/$(BUNDLE_EXECUTABLE_FOLDER_PATH)/MiniBank";
			};
			name = Release;
		};
		0C34773D2C0B1EF800EB7F83 /* Debug */ = {
			isa = XCBuildConfiguration;
			buildSettings = {
				ALWAYS_EMBED_SWIFT_STANDARD_LIBRARIES = YES;
				CODE_SIGN_STYLE = Automatic;
				CURRENT_PROJECT_VERSION = 1;
				DEVELOPMENT_TEAM = F7WG9Y2B4K;
				GENERATE_INFOPLIST_FILE = YES;
				MARKETING_VERSION = 1.0;
				PRODUCT_BUNDLE_IDENTIFIER = co.celestiarune.MiniBankUITests;
				PRODUCT_NAME = "$(TARGET_NAME)";
				SWIFT_EMIT_LOC_STRINGS = NO;
				SWIFT_VERSION = 5.0;
				TARGETED_DEVICE_FAMILY = "1,2";
				TEST_TARGET_NAME = MiniBank;
			};
			name = Debug;
		};
		0C34773E2C0B1EF800EB7F83 /* Release */ = {
			isa = XCBuildConfiguration;
			buildSettings = {
				ALWAYS_EMBED_SWIFT_STANDARD_LIBRARIES = YES;
				CODE_SIGN_STYLE = Automatic;
				CURRENT_PROJECT_VERSION = 1;
				DEVELOPMENT_TEAM = F7WG9Y2B4K;
				GENERATE_INFOPLIST_FILE = YES;
				MARKETING_VERSION = 1.0;
				PRODUCT_BUNDLE_IDENTIFIER = co.celestiarune.MiniBankUITests;
				PRODUCT_NAME = "$(TARGET_NAME)";
				SWIFT_EMIT_LOC_STRINGS = NO;
				SWIFT_VERSION = 5.0;
				TARGETED_DEVICE_FAMILY = "1,2";
				TEST_TARGET_NAME = MiniBank;
			};
			name = Release;
		};
/* End XCBuildConfiguration section */

/* Begin XCConfigurationList section */
		0C3477072C0B1EF700EB7F83 /* Build configuration list for PBXProject "MiniBank" */ = {
			isa = XCConfigurationList;
			buildConfigurations = (
				0C3477342C0B1EF800EB7F83 /* Debug */,
				0C3477352C0B1EF800EB7F83 /* Release */,
			);
			defaultConfigurationIsVisible = 0;
			defaultConfigurationName = Release;
		};
		0C3477362C0B1EF800EB7F83 /* Build configuration list for PBXNativeTarget "MiniBank" */ = {
			isa = XCConfigurationList;
			buildConfigurations = (
				0C3477372C0B1EF800EB7F83 /* Debug */,
				0C3477382C0B1EF800EB7F83 /* Release */,
			);
			defaultConfigurationIsVisible = 0;
			defaultConfigurationName = Release;
		};
		0C3477392C0B1EF800EB7F83 /* Build configuration list for PBXNativeTarget "MiniBankTests" */ = {
			isa = XCConfigurationList;
			buildConfigurations = (
				0C34773A2C0B1EF800EB7F83 /* Debug */,
				0C34773B2C0B1EF800EB7F83 /* Release */,
			);
			defaultConfigurationIsVisible = 0;
			defaultConfigurationName = Release;
		};
		0C34773C2C0B1EF800EB7F83 /* Build configuration list for PBXNativeTarget "MiniBankUITests" */ = {
			isa = XCConfigurationList;
			buildConfigurations = (
				0C34773D2C0B1EF800EB7F83 /* Debug */,
				0C34773E2C0B1EF800EB7F83 /* Release */,
			);
			defaultConfigurationIsVisible = 0;
			defaultConfigurationName = Release;
		};
/* End XCConfigurationList section */
	};
	rootObject = 0C3477042C0B1EF700EB7F83 /* Project object */;
}
